
Microsoft Visual Studio Solution File, Format Version 12.00
# Visual Studio Version 17
VisualStudioVersion = 17.3.32929.385
MinimumVisualStudioVersion = 10.0.40219.1
Project("{9A19103F-16F7-4668-BE54-9A1E7A4F7556}") = "Lucy.Core", "Lucy.Core\Lucy.Core.csproj", "{D046973F-2027-462E-9572-80A24E28250E}"
EndProject
Project("{9A19103F-16F7-4668-BE54-9A1E7A4F7556}") = "Lucy.App.Cli", "Lucy.App.Cli\Lucy.App.Cli.csproj", "{6C514194-70A3-45FD-8C32-FDA31C7748ED}"
EndProject
Project("{2150E333-8FDC-42A3-9474-1A3956D46DE8}") = "Solution Items", "Solution Items", "{5DEB5AC0-91DB-49ED-BFA1-C2D78013A28C}"
	ProjectSection(SolutionItems) = preProject
		.editorconfig = .editorconfig
	EndProjectSection
EndProject
Project("{9A19103F-16F7-4668-BE54-9A1E7A4F7556}") = "Lucy.Infrastructure.RpcServer", "Lucy.Infrastructure.RpcServer\Lucy.Infrastructure.RpcServer.csproj", "{025F4DAD-6CA8-4658-824D-CCE81963F5CA}"
EndProject
Project("{9A19103F-16F7-4668-BE54-9A1E7A4F7556}") = "Lucy.Common", "Lucy.Common\Lucy.Common.csproj", "{FB786FD8-8947-42AF-9DB3-EC849023DA8A}"
EndProject
Project("{9A19103F-16F7-4668-BE54-9A1E7A4F7556}") = "Lucy.Assembler", "Lucy.Assembler\Lucy.Assembler.csproj", "{30CE9395-3CAA-42C7-ACF3-FF03A3D6BF22}"
EndProject
Project("{9A19103F-16F7-4668-BE54-9A1E7A4F7556}") = "Lucy.App.LanguageServer", "Lucy.App.LanguageServer\Lucy.App.LanguageServer.csproj", "{7BC871D2-6EAA-44C4-8B26-9143DF92B141}"
EndProject
Project("{9A19103F-16F7-4668-BE54-9A1E7A4F7556}") = "Lucy.App.LanguageServer.Tests", "Lucy.App.LanguageServer.Tests\Lucy.App.LanguageServer.Tests.csproj", "{E4BCB4D7-0714-4256-961B-E60C66B710DB}"
EndProject
Project("{9A19103F-16F7-4668-BE54-9A1E7A4F7556}") = "Lucy.Assembler.Tests", "Lucy.Assembler.Tests\Lucy.Assembler.Tests.csproj", "{746FD145-4DAE-43B3-A541-4BD03ABF5352}"
EndProject
Project("{9A19103F-16F7-4668-BE54-9A1E7A4F7556}") = "Lucy.Assembler.TestCaseGenerator", "Lucy.Assembler.TestCaseGenerator\Lucy.Assembler.TestCaseGenerator.csproj", "{0C79F718-02E4-458F-A7CE-1E669CDDC90F}"
EndProject
Project("{9A19103F-16F7-4668-BE54-9A1E7A4F7556}") = "Lucy.Core.TestApp", "Lucy.Core.TestApp\Lucy.Core.TestApp.csproj", "{ABE0DF50-1E5B-42B2-8789-240255E289B1}"
EndProject
Project("{FAE04EC0-301F-11D3-BF4B-00C04F79EFBC}") = "Lucy.Interpreter", "Lucy.Interpreter\Lucy.Interpreter.csproj", "{569362C0-5976-4017-BF93-1E409B6256DD}"
EndProject
Project("{9A19103F-16F7-4668-BE54-9A1E7A4F7556}") = "Lucy.Core.Tests", "Lucy.Core.Tests\Lucy.Core.Tests.csproj", "{22A7DD8B-ED0E-49ED-896D-B4F00ECE04C6}"
EndProject
Project("{FAE04EC0-301F-11D3-BF4B-00C04F79EFBC}") = "Lucy.Emitter", "Lucy.Emitter\Lucy.Emitter.csproj", "{0545FC19-4CAB-4C65-AA00-230FEB8E419B}"
EndProject
Global
	GlobalSection(SolutionConfigurationPlatforms) = preSolution
		Debug|Any CPU = Debug|Any CPU
		Release|Any CPU = Release|Any CPU
	EndGlobalSection
	GlobalSection(ProjectConfigurationPlatforms) = postSolution
		{D046973F-2027-462E-9572-80A24E28250E}.Debug|Any CPU.ActiveCfg = Debug|Any CPU
		{D046973F-2027-462E-9572-80A24E28250E}.Debug|Any CPU.Build.0 = Debug|Any CPU
		{D046973F-2027-462E-9572-80A24E28250E}.Release|Any CPU.ActiveCfg = Release|Any CPU
		{D046973F-2027-462E-9572-80A24E28250E}.Release|Any CPU.Build.0 = Release|Any CPU
		{6C514194-70A3-45FD-8C32-FDA31C7748ED}.Debug|Any CPU.ActiveCfg = Debug|Any CPU
		{6C514194-70A3-45FD-8C32-FDA31C7748ED}.Debug|Any CPU.Build.0 = Debug|Any CPU
		{6C514194-70A3-45FD-8C32-FDA31C7748ED}.Release|Any CPU.ActiveCfg = Release|Any CPU
		{6C514194-70A3-45FD-8C32-FDA31C7748ED}.Release|Any CPU.Build.0 = Release|Any CPU
		{025F4DAD-6CA8-4658-824D-CCE81963F5CA}.Debug|Any CPU.ActiveCfg = Debug|Any CPU
		{025F4DAD-6CA8-4658-824D-CCE81963F5CA}.Debug|Any CPU.Build.0 = Debug|Any CPU
		{025F4DAD-6CA8-4658-824D-CCE81963F5CA}.Release|Any CPU.ActiveCfg = Release|Any CPU
		{025F4DAD-6CA8-4658-824D-CCE81963F5CA}.Release|Any CPU.Build.0 = Release|Any CPU
		{FB786FD8-8947-42AF-9DB3-EC849023DA8A}.Debug|Any CPU.ActiveCfg = Debug|Any CPU
		{FB786FD8-8947-42AF-9DB3-EC849023DA8A}.Debug|Any CPU.Build.0 = Debug|Any CPU
		{FB786FD8-8947-42AF-9DB3-EC849023DA8A}.Release|Any CPU.ActiveCfg = Release|Any CPU
		{FB786FD8-8947-42AF-9DB3-EC849023DA8A}.Release|Any CPU.Build.0 = Release|Any CPU
		{30CE9395-3CAA-42C7-ACF3-FF03A3D6BF22}.Debug|Any CPU.ActiveCfg = Debug|Any CPU
		{30CE9395-3CAA-42C7-ACF3-FF03A3D6BF22}.Debug|Any CPU.Build.0 = Debug|Any CPU
		{30CE9395-3CAA-42C7-ACF3-FF03A3D6BF22}.Release|Any CPU.ActiveCfg = Release|Any CPU
		{30CE9395-3CAA-42C7-ACF3-FF03A3D6BF22}.Release|Any CPU.Build.0 = Release|Any CPU
		{7BC871D2-6EAA-44C4-8B26-9143DF92B141}.Debug|Any CPU.ActiveCfg = Debug|Any CPU
		{7BC871D2-6EAA-44C4-8B26-9143DF92B141}.Debug|Any CPU.Build.0 = Debug|Any CPU
		{7BC871D2-6EAA-44C4-8B26-9143DF92B141}.Release|Any CPU.ActiveCfg = Release|Any CPU
		{7BC871D2-6EAA-44C4-8B26-9143DF92B141}.Release|Any CPU.Build.0 = Release|Any CPU
		{E4BCB4D7-0714-4256-961B-E60C66B710DB}.Debug|Any CPU.ActiveCfg = Debug|Any CPU
		{E4BCB4D7-0714-4256-961B-E60C66B710DB}.Debug|Any CPU.Build.0 = Debug|Any CPU
		{E4BCB4D7-0714-4256-961B-E60C66B710DB}.Release|Any CPU.ActiveCfg = Release|Any CPU
		{E4BCB4D7-0714-4256-961B-E60C66B710DB}.Release|Any CPU.Build.0 = Release|Any CPU
		{746FD145-4DAE-43B3-A541-4BD03ABF5352}.Debug|Any CPU.ActiveCfg = Debug|Any CPU
		{746FD145-4DAE-43B3-A541-4BD03ABF5352}.Debug|Any CPU.Build.0 = Debug|Any CPU
		{746FD145-4DAE-43B3-A541-4BD03ABF5352}.Release|Any CPU.ActiveCfg = Release|Any CPU
		{746FD145-4DAE-43B3-A541-4BD03ABF5352}.Release|Any CPU.Build.0 = Release|Any CPU
		{0C79F718-02E4-458F-A7CE-1E669CDDC90F}.Debug|Any CPU.ActiveCfg = Debug|Any CPU
		{0C79F718-02E4-458F-A7CE-1E669CDDC90F}.Debug|Any CPU.Build.0 = Debug|Any CPU
		{0C79F718-02E4-458F-A7CE-1E669CDDC90F}.Release|Any CPU.ActiveCfg = Release|Any CPU
		{0C79F718-02E4-458F-A7CE-1E669CDDC90F}.Release|Any CPU.Build.0 = Release|Any CPU
		{ABE0DF50-1E5B-42B2-8789-240255E289B1}.Debug|Any CPU.ActiveCfg = Debug|Any CPU
		{ABE0DF50-1E5B-42B2-8789-240255E289B1}.Debug|Any CPU.Build.0 = Debug|Any CPU
		{ABE0DF50-1E5B-42B2-8789-240255E289B1}.Release|Any CPU.ActiveCfg = Release|Any CPU
		{ABE0DF50-1E5B-42B2-8789-240255E289B1}.Release|Any CPU.Build.0 = Release|Any CPU
		{569362C0-5976-4017-BF93-1E409B6256DD}.Debug|Any CPU.ActiveCfg = Debug|Any CPU
		{569362C0-5976-4017-BF93-1E409B6256DD}.Debug|Any CPU.Build.0 = Debug|Any CPU
		{569362C0-5976-4017-BF93-1E409B6256DD}.Release|Any CPU.ActiveCfg = Release|Any CPU
		{569362C0-5976-4017-BF93-1E409B6256DD}.Release|Any CPU.Build.0 = Release|Any CPU
		{22A7DD8B-ED0E-49ED-896D-B4F00ECE04C6}.Debug|Any CPU.ActiveCfg = Debug|Any CPU
		{22A7DD8B-ED0E-49ED-896D-B4F00ECE04C6}.Debug|Any CPU.Build.0 = Debug|Any CPU
		{22A7DD8B-ED0E-49ED-896D-B4F00ECE04C6}.Release|Any CPU.ActiveCfg = Release|Any CPU
		{22A7DD8B-ED0E-49ED-896D-B4F00ECE04C6}.Release|Any CPU.Build.0 = Release|Any CPU
		{0545FC19-4CAB-4C65-AA00-230FEB8E419B}.Debug|Any CPU.ActiveCfg = Debug|Any CPU
		{0545FC19-4CAB-4C65-AA00-230FEB8E419B}.Debug|Any CPU.Build.0 = Debug|Any CPU
		{0545FC19-4CAB-4C65-AA00-230FEB8E419B}.Release|Any CPU.ActiveCfg = Release|Any CPU
		{0545FC19-4CAB-4C65-AA00-230FEB8E419B}.Release|Any CPU.Build.0 = Release|Any CPU
	EndGlobalSection
	GlobalSection(SolutionProperties) = preSolution
		HideSolutionNode = FALSE
	EndGlobalSection
	GlobalSection(ExtensibilityGlobals) = postSolution
		SolutionGuid = {029F5413-4F1B-4FAA-9A60-6EABECF97767}
	EndGlobalSection
EndGlobal
